{
  "requires": true,
  "lockfileVersion": 1,
  "dependencies": {
    "axios": {
      "version": "0.21.1",
      "resolved": "https://eis.jfrog.io/eis/api/npm/npm/axios/-/axios-0.21.1.tgz",
      "integrity": "sha1-IlY0gZYvTWvemnbVFu8OXTwJsrg=",
      "requires": {
        "follow-redirects": "^1.10.0"
      },
      "dependencies": {
        "follow-redirects": {
          "version": "1.13.1",
          "resolved": "https://eis.jfrog.io/eis/api/npm/npm/follow-redirects/-/follow-redirects-1.13.1.tgz",
          "integrity": "sha1-X2m4Ezds7k/QR0o6uoNd8Eq3Y7c="
        }
      }
    }
  }
}
