{
  "requires": true,
  "lockfileVersion": 1,
  "dependencies": {
    "axios": {
      "version": "0.21.1",
      "resolved": "https://eis.jfrog.io/eis/api/npm/npm/axios/-/axios-0.21.1.tgz",
      "integrity": "sha1-IlY0gZYvTWvemnbVFu8OXTwJsrg=",
      "requires": {
        "follow-redirects": "^1.10.0"
      }
    },
    "easy-soap-request": {
      "version": "4.1.2",
      "resolved": "https://eis.jfrog.io/eis/api/npm/npm/easy-soap-request/-/easy-soap-request-4.1.2.tgz",
      "integrity": "sha1-aZ+0ACQUc9oYAMgh8BJxyGL88UI=",
      "requires": {
        "axios": "^0.21.1"
      }
    },
    "fast-xml-parser": {
      "version": "3.18.0",
      "resolved": "https://eis.jfrog.io/eis/api/npm/npm/fast-xml-parser/-/fast-xml-parser-3.18.0.tgz",
      "integrity": "sha1-t39KSUzWTm9Eqt+mj73jDNkist8="
    },
    "follow-redirects": {
      "version": "1.13.2",
      "resolved": "https://eis.jfrog.io/eis/api/npm/npm/follow-redirects/-/follow-redirects-1.13.2.tgz",
      "integrity": "sha1-3XPI7/wScoulz0JZ12DqX7g+MUc="
    },
    "he": {
      "version": "1.2.0",
      "resolved": "https://eis.jfrog.io/eis/api/npm/npm/he/-/he-1.2.0.tgz",
      "integrity": "sha1-hK5l+n6vsWX922FWauFLrwVmTw8="
    },
    "xmlbuilder": {
      "version": "15.1.1",
      "resolved": "https://eis.jfrog.io/eis/api/npm/npm/xmlbuilder/-/xmlbuilder-15.1.1.tgz",
      "integrity": "sha1-nc3OSe6mbY0QtCyulKecPI0MLsU="
    }
  }
}
